hash: 4c74997930c13118c32533ae065ad8411b7f00e3200664ba892e715c203d64ba
updated: 2018-01-16T18:31:41.535171668-08:00
imports:
- name: github.com/benchhub/benchboard
  version: 578e28b7dd0a9c14444b2d1eb5ed90a0956d73c5
  subpackages:
  - agent/pkg/host
  - agent/pkg/util/logutil
- name: github.com/dyweb/gommon
  version: 121cf3258ee39c5e970aa3ce55a1b329c1099b05
  subpackages:
  - log
  - structure
- name: github.com/pkg/errors
  version: 645ef00459ed84a119197bfb8d8205042c6df63d
  vcs: git
testImports: []
