hash: db65df81c14ae47c69537580a9f980384a8b9d74d58494a028999ada4ccea3e5
updated: 2018-01-02T20:59:09.018027469-08:00
imports:
- name: github.com/dyweb/gommon
  version: e8ce0d75d07c52c78df276396b96911d3006abe1
  vcs: git
  subpackages:
  - log
  - structure
  - util/runtimeutil
- name: github.com/pkg/errors
  version: 645ef00459ed84a119197bfb8d8205042c6df63d
  vcs: git
testImports: []
