hash: 14e221126f7df94dda5ca2f874b94e9c38ce4009b1aa1e71cc24737680dada3a
updated: 2017-12-25T17:25:02.476692293-08:00
imports:
- name: github.com/dyweb/gommon
  version: 14c2d14725f9ccdba39e74593eb9f0fc32935763
  vcs: git
- name: github.com/pkg/errors
  version: 645ef00459ed84a119197bfb8d8205042c6df63d
  vcs: git
testImports: []
